
Microsoft Visual Studio Solution File, Format Version 12.00
Project("{FAE04EC0-301F-11D3-BF4B-00C04F79EFBC}") = "Gateway", "Gateway\Gateway.csproj", "{4A48C5A1-AFDA-4759-A0D9-32CB878F6F59}"
EndProject
Project("{2150E333-8FDC-42A3-9474-1A3956D46DE8}") = "Services", "Services", "{647CB902-E3D4-43F4-82F1-E4F50F25ECCF}"
EndProject
Project("{2150E333-8FDC-42A3-9474-1A3956D46DE8}") = "Scripts", "Scripts", "{CE2FAA28-792B-410A-8EB1-7989DE48496C}"
EndProject
Project("{2150E333-8FDC-42A3-9474-1A3956D46DE8}") = "Shared", "Shared", "{07019FE2-99F9-49E5-8BEC-D255077B0446}"
EndProject
Project("{2150E333-8FDC-42A3-9474-1A3956D46DE8}") = "Infrastructure", "Infrastructure", "{129A5F3A-C50B-4C79-8AFF-CA7ACE867B38}"
EndProject
Project("{2150E333-8FDC-42A3-9474-1A3956D46DE8}") = "Development", "Development", "{3239C7BB-8A5B-4034-9B0D-097741C3CF73}"
	ProjectSection(SolutionItems) = preProject
		Scripts\Development\docker-compose.yml = Scripts\Development\docker-compose.yml
	EndProjectSection
EndProject
Global
	GlobalSection(SolutionConfigurationPlatforms) = preSolution
		Debug|Any CPU = Debug|Any CPU
		Release|Any CPU = Release|Any CPU
	EndGlobalSection
	GlobalSection(NestedProjects) = preSolution
		{3239C7BB-8A5B-4034-9B0D-097741C3CF73} = {CE2FAA28-792B-410A-8EB1-7989DE48496C}
	EndGlobalSection
	GlobalSection(ProjectConfigurationPlatforms) = postSolution
		{4A48C5A1-AFDA-4759-A0D9-32CB878F6F59}.Debug|Any CPU.ActiveCfg = Debug|Any CPU
		{4A48C5A1-AFDA-4759-A0D9-32CB878F6F59}.Debug|Any CPU.Build.0 = Debug|Any CPU
		{4A48C5A1-AFDA-4759-A0D9-32CB878F6F59}.Release|Any CPU.ActiveCfg = Release|Any CPU
		{4A48C5A1-AFDA-4759-A0D9-32CB878F6F59}.Release|Any CPU.Build.0 = Release|Any CPU
	EndGlobalSection
EndGlobal
